
Microsoft Visual Studio Solution File, Format Version 12.00
# Visual Studio Version 17
VisualStudioVersion = 17.5.002.0
MinimumVisualStudioVersion = 10.0.40219.1
Project("{9A19103F-16F7-4668-BE54-9A1E7A4F7556}") = "day1", "day1\day1.csproj", "{8D35C2CF-DAFE-40D0-967B-EF63C07C4B52}"
EndProject
Project("{FAE04EC0-301F-11D3-BF4B-00C04F79EFBC}") = "day2", "day2\day2.csproj", "{0960B5D6-8447-43A6-80B3-19192F49836E}"
EndProject
Project("{FAE04EC0-301F-11D3-BF4B-00C04F79EFBC}") = "day3", "day3\day3.csproj", "{B1943F2E-5224-4181-A7E4-D661B915BC64}"
EndProject
Project("{FAE04EC0-301F-11D3-BF4B-00C04F79EFBC}") = "day4", "day4\day4.csproj", "{EDCBCAFC-4636-485B-9AFF-6E53CC8B8158}"
EndProject
Project("{FAE04EC0-301F-11D3-BF4B-00C04F79EFBC}") = "day5", "day5\day5.csproj", "{02B7537A-A698-4D93-98B6-AD974904A44E}"
EndProject
Project("{FAE04EC0-301F-11D3-BF4B-00C04F79EFBC}") = "day6", "day6\day6.csproj", "{3F62EB78-EB09-4E82-A55F-841CF99ACA5A}"
EndProject
Project("{FAE04EC0-301F-11D3-BF4B-00C04F79EFBC}") = "day7", "day7\day7.csproj", "{FB5C5C1E-77EB-4230-8AD7-ABB2D8BFAE20}"
EndProject
Project("{FAE04EC0-301F-11D3-BF4B-00C04F79EFBC}") = "day8", "day8\day8.csproj", "{4F3025F6-6E37-4FC5-884E-71D93522ACFB}"
EndProject
Global
	GlobalSection(SolutionConfigurationPlatforms) = preSolution
		Debug|Any CPU = Debug|Any CPU
		Release|Any CPU = Release|Any CPU
	EndGlobalSection
	GlobalSection(ProjectConfigurationPlatforms) = postSolution
		{8D35C2CF-DAFE-40D0-967B-EF63C07C4B52}.Debug|Any CPU.ActiveCfg = Debug|Any CPU
		{8D35C2CF-DAFE-40D0-967B-EF63C07C4B52}.Debug|Any CPU.Build.0 = Debug|Any CPU
		{8D35C2CF-DAFE-40D0-967B-EF63C07C4B52}.Release|Any CPU.ActiveCfg = Release|Any CPU
		{8D35C2CF-DAFE-40D0-967B-EF63C07C4B52}.Release|Any CPU.Build.0 = Release|Any CPU
		{0960B5D6-8447-43A6-80B3-19192F49836E}.Debug|Any CPU.ActiveCfg = Debug|Any CPU
		{0960B5D6-8447-43A6-80B3-19192F49836E}.Debug|Any CPU.Build.0 = Debug|Any CPU
		{0960B5D6-8447-43A6-80B3-19192F49836E}.Release|Any CPU.ActiveCfg = Release|Any CPU
		{0960B5D6-8447-43A6-80B3-19192F49836E}.Release|Any CPU.Build.0 = Release|Any CPU
		{B1943F2E-5224-4181-A7E4-D661B915BC64}.Debug|Any CPU.ActiveCfg = Debug|Any CPU
		{B1943F2E-5224-4181-A7E4-D661B915BC64}.Debug|Any CPU.Build.0 = Debug|Any CPU
		{B1943F2E-5224-4181-A7E4-D661B915BC64}.Release|Any CPU.ActiveCfg = Release|Any CPU
		{B1943F2E-5224-4181-A7E4-D661B915BC64}.Release|Any CPU.Build.0 = Release|Any CPU
		{EDCBCAFC-4636-485B-9AFF-6E53CC8B8158}.Debug|Any CPU.ActiveCfg = Debug|Any CPU
		{EDCBCAFC-4636-485B-9AFF-6E53CC8B8158}.Debug|Any CPU.Build.0 = Debug|Any CPU
		{EDCBCAFC-4636-485B-9AFF-6E53CC8B8158}.Release|Any CPU.ActiveCfg = Release|Any CPU
		{EDCBCAFC-4636-485B-9AFF-6E53CC8B8158}.Release|Any CPU.Build.0 = Release|Any CPU
		{02B7537A-A698-4D93-98B6-AD974904A44E}.Debug|Any CPU.ActiveCfg = Debug|Any CPU
		{02B7537A-A698-4D93-98B6-AD974904A44E}.Debug|Any CPU.Build.0 = Debug|Any CPU
		{02B7537A-A698-4D93-98B6-AD974904A44E}.Release|Any CPU.ActiveCfg = Release|Any CPU
		{02B7537A-A698-4D93-98B6-AD974904A44E}.Release|Any CPU.Build.0 = Release|Any CPU
		{3F62EB78-EB09-4E82-A55F-841CF99ACA5A}.Debug|Any CPU.ActiveCfg = Debug|Any CPU
		{3F62EB78-EB09-4E82-A55F-841CF99ACA5A}.Debug|Any CPU.Build.0 = Debug|Any CPU
		{3F62EB78-EB09-4E82-A55F-841CF99ACA5A}.Release|Any CPU.ActiveCfg = Release|Any CPU
		{3F62EB78-EB09-4E82-A55F-841CF99ACA5A}.Release|Any CPU.Build.0 = Release|Any CPU
		{FB5C5C1E-77EB-4230-8AD7-ABB2D8BFAE20}.Debug|Any CPU.ActiveCfg = Debug|Any CPU
		{FB5C5C1E-77EB-4230-8AD7-ABB2D8BFAE20}.Debug|Any CPU.Build.0 = Debug|Any CPU
		{FB5C5C1E-77EB-4230-8AD7-ABB2D8BFAE20}.Release|Any CPU.ActiveCfg = Release|Any CPU
		{FB5C5C1E-77EB-4230-8AD7-ABB2D8BFAE20}.Release|Any CPU.Build.0 = Release|Any CPU
		{4F3025F6-6E37-4FC5-884E-71D93522ACFB}.Debug|Any CPU.ActiveCfg = Debug|Any CPU
		{4F3025F6-6E37-4FC5-884E-71D93522ACFB}.Debug|Any CPU.Build.0 = Debug|Any CPU
		{4F3025F6-6E37-4FC5-884E-71D93522ACFB}.Release|Any CPU.ActiveCfg = Release|Any CPU
		{4F3025F6-6E37-4FC5-884E-71D93522ACFB}.Release|Any CPU.Build.0 = Release|Any CPU
	EndGlobalSection
	GlobalSection(SolutionProperties) = preSolution
		HideSolutionNode = FALSE
	EndGlobalSection
	GlobalSection(ExtensibilityGlobals) = postSolution
		SolutionGuid = {7B26649E-E90A-4CDC-8EC3-12B260EAC37C}
	EndGlobalSection
EndGlobal
